
Microsoft Visual Studio Solution File, Format Version 12.00
# Visual Studio Version 17
VisualStudioVersion = 17.7.34031.279
MinimumVisualStudioVersion = 10.0.40219.1
Project("{FAE04EC0-301F-11D3-BF4B-00C04F79EFBC}") = "SchoolWebsite.Browser", "SchoolWebsite.Browser\SchoolWebsite.Browser.csproj", "{6436316E-5930-48A0-B788-60F8A39E24ED}"
EndProject
Project("{FAE04EC0-301F-11D3-BF4B-00C04F79EFBC}") = "SchoolWebsite", "SchoolWebsite\SchoolWebsite.csproj", "{6E8B0B3B-49CA-4863-8BF9-624BBCD72FD2}"
EndProject
Project("{FAE04EC0-301F-11D3-BF4B-00C04F79EFBC}") = "SchoolWebsite.Simulator", "SchoolWebsite.Simulator\SchoolWebsite.Simulator.csproj", "{BB036F1A-5281-4175-8DE7-6492A0FEB51F}"
EndProject
Global
	GlobalSection(SolutionConfigurationPlatforms) = preSolution
		Debug|Any CPU = Debug|Any CPU
		Release|Any CPU = Release|Any CPU
	EndGlobalSection
	GlobalSection(ProjectConfigurationPlatforms) = postSolution
		{6436316E-5930-48A0-B788-60F8A39E24ED}.Debug|Any CPU.ActiveCfg = Debug|Any CPU
		{6436316E-5930-48A0-B788-60F8A39E24ED}.Debug|Any CPU.Build.0 = Debug|Any CPU
		{6436316E-5930-48A0-B788-60F8A39E24ED}.Release|Any CPU.ActiveCfg = Release|Any CPU
		{6436316E-5930-48A0-B788-60F8A39E24ED}.Release|Any CPU.Build.0 = Release|Any CPU
		{6E8B0B3B-49CA-4863-8BF9-624BBCD72FD2}.Debug|Any CPU.ActiveCfg = Debug|Any CPU
		{6E8B0B3B-49CA-4863-8BF9-624BBCD72FD2}.Debug|Any CPU.Build.0 = Debug|Any CPU
		{6E8B0B3B-49CA-4863-8BF9-624BBCD72FD2}.Release|Any CPU.ActiveCfg = Release|Any CPU
		{6E8B0B3B-49CA-4863-8BF9-624BBCD72FD2}.Release|Any CPU.Build.0 = Release|Any CPU
		{BB036F1A-5281-4175-8DE7-6492A0FEB51F}.Debug|Any CPU.ActiveCfg = Debug|Any CPU
		{BB036F1A-5281-4175-8DE7-6492A0FEB51F}.Debug|Any CPU.Build.0 = Debug|Any CPU
		{BB036F1A-5281-4175-8DE7-6492A0FEB51F}.Release|Any CPU.ActiveCfg = Release|Any CPU
		{BB036F1A-5281-4175-8DE7-6492A0FEB51F}.Release|Any CPU.Build.0 = Release|Any CPU
	EndGlobalSection
	GlobalSection(SolutionProperties) = preSolution
		HideSolutionNode = FALSE
	EndGlobalSection
	GlobalSection(ExtensibilityGlobals) = postSolution
		SolutionGuid = {14A65F49-E882-4B5A-BB7A-6F0A1823FC5C}
	EndGlobalSection
EndGlobal
